
Microsoft Visual Studio Solution File, Format Version 12.00
# Visual Studio 15
VisualStudioVersion = 15.0.28010.2026
MinimumVisualStudioVersion = 10.0.40219.1
Project("{2150E333-8FDC-42A3-9474-1A3956D46DE8}") = "src", "src", "{0925BA49-0AB1-461A-8821-C78D79C96DC8}"
EndProject
Project("{2150E333-8FDC-42A3-9474-1A3956D46DE8}") = "test", "test", "{705F1E52-499C-4E95-92D5-C6117080352A}"
EndProject
Project("{2150E333-8FDC-42A3-9474-1A3956D46DE8}") = "solution-items", "solution-items", "{BD9C9DB7-C0B5-4C35-93F5-6BF5134BD2FB}"
	ProjectSection(SolutionItems) = preProject
		.gitattributes = .gitattributes
		.gitignore = .gitignore
		README.md = README.md
	EndProjectSection
EndProject
Project("{9A19103F-16F7-4668-BE54-9A1E7A4F7556}") = "Creekdream.SimpleDemo.Core", "src\Creekdream.SimpleDemo.Core\Creekdream.SimpleDemo.Core.csproj", "{B91C81F1-4FB4-435A-8A18-943DF3EDB0EA}"
EndProject
Project("{9A19103F-16F7-4668-BE54-9A1E7A4F7556}") = "Creekdream.SimpleDemo.EntityFrameworkCore", "src\Creekdream.SimpleDemo.EntityFrameworkCore\Creekdream.SimpleDemo.EntityFrameworkCore.csproj", "{3F5D6505-BFC1-4D4A-9A87-6EE77623C621}"
EndProject
Project("{9A19103F-16F7-4668-BE54-9A1E7A4F7556}") = "Creekdream.SimpleDemo.Application", "src\Creekdream.SimpleDemo.Application\Creekdream.SimpleDemo.Application.csproj", "{B6610F48-3EF7-4C23-92C2-4E6FDB982893}"
EndProject
Project("{9A19103F-16F7-4668-BE54-9A1E7A4F7556}") = "Creekdream.SimpleDemo.Api", "src\Creekdream.SimpleDemo.Api\Creekdream.SimpleDemo.Api.csproj", "{3F3C8607-F832-4AA1-B288-936A4455C705}"
EndProject
Global
	GlobalSection(SolutionConfigurationPlatforms) = preSolution
		Debug|Any CPU = Debug|Any CPU
		Release|Any CPU = Release|Any CPU
	EndGlobalSection
	GlobalSection(ProjectConfigurationPlatforms) = postSolution
		{B91C81F1-4FB4-435A-8A18-943DF3EDB0EA}.Debug|Any CPU.ActiveCfg = Debug|Any CPU
		{B91C81F1-4FB4-435A-8A18-943DF3EDB0EA}.Debug|Any CPU.Build.0 = Debug|Any CPU
		{B91C81F1-4FB4-435A-8A18-943DF3EDB0EA}.Release|Any CPU.ActiveCfg = Release|Any CPU
		{B91C81F1-4FB4-435A-8A18-943DF3EDB0EA}.Release|Any CPU.Build.0 = Release|Any CPU
		{3F5D6505-BFC1-4D4A-9A87-6EE77623C621}.Debug|Any CPU.ActiveCfg = Debug|Any CPU
		{3F5D6505-BFC1-4D4A-9A87-6EE77623C621}.Debug|Any CPU.Build.0 = Debug|Any CPU
		{3F5D6505-BFC1-4D4A-9A87-6EE77623C621}.Release|Any CPU.ActiveCfg = Release|Any CPU
		{3F5D6505-BFC1-4D4A-9A87-6EE77623C621}.Release|Any CPU.Build.0 = Release|Any CPU
		{B6610F48-3EF7-4C23-92C2-4E6FDB982893}.Debug|Any CPU.ActiveCfg = Debug|Any CPU
		{B6610F48-3EF7-4C23-92C2-4E6FDB982893}.Debug|Any CPU.Build.0 = Debug|Any CPU
		{B6610F48-3EF7-4C23-92C2-4E6FDB982893}.Release|Any CPU.ActiveCfg = Release|Any CPU
		{B6610F48-3EF7-4C23-92C2-4E6FDB982893}.Release|Any CPU.Build.0 = Release|Any CPU
		{3F3C8607-F832-4AA1-B288-936A4455C705}.Debug|Any CPU.ActiveCfg = Debug|Any CPU
		{3F3C8607-F832-4AA1-B288-936A4455C705}.Debug|Any CPU.Build.0 = Debug|Any CPU
		{3F3C8607-F832-4AA1-B288-936A4455C705}.Release|Any CPU.ActiveCfg = Release|Any CPU
		{3F3C8607-F832-4AA1-B288-936A4455C705}.Release|Any CPU.Build.0 = Release|Any CPU
	EndGlobalSection
	GlobalSection(SolutionProperties) = preSolution
		HideSolutionNode = FALSE
	EndGlobalSection
	GlobalSection(NestedProjects) = preSolution
		{B91C81F1-4FB4-435A-8A18-943DF3EDB0EA} = {0925BA49-0AB1-461A-8821-C78D79C96DC8}
		{3F5D6505-BFC1-4D4A-9A87-6EE77623C621} = {0925BA49-0AB1-461A-8821-C78D79C96DC8}
		{B6610F48-3EF7-4C23-92C2-4E6FDB982893} = {0925BA49-0AB1-461A-8821-C78D79C96DC8}
		{3F3C8607-F832-4AA1-B288-936A4455C705} = {0925BA49-0AB1-461A-8821-C78D79C96DC8}
	EndGlobalSection
	GlobalSection(ExtensibilityGlobals) = postSolution
		SolutionGuid = {845DD2A0-956A-45A4-B392-F90B3A5E8479}
	EndGlobalSection
EndGlobal
